<?xml version="1.0" encoding="UTF-8" standalone="yes" ?>
<CodeBlocks_project_file>
	<FileVersion major="1" minor="6" />
	<Project>
		<Option title="Horus" />
		<Option pch_mode="2" />
		<Option compiler="copy_of_gnu_gcc_compiler_x64" />
		<Build>
			<Target title="Debug">
				<Option output="bin/Debug/Horus" prefix_auto="1" extension_auto="1" />
				<Option object_output="obj/Debug/" />
				<Option type="0" />
				<Option compiler="copy_of_gnu_gcc_compiler_x64" />
				<Option projectLinkerOptionsRelation="2" />
				<Compiler>
					<Add option="-g" />
					<Add option="-D__WXDEBUG__" />
					<Add directory="C:/wxWidgets-3.0.2-libs/lib/gcc_x64_dll/mswud" />
					<Add directory="include" />
				</Compiler>
				<ResourceCompiler>
					<Add directory="C:/wxWidgets-3.0.2-libs/lib/gcc_x64_dll/mswud" />
				</ResourceCompiler>
				<Linker>
					<Add library="libwxmsw30ud_aui.a" />
					<Add library="libwxmsw30ud_richtext.a" />
					<Add library="libwxmsw30ud_core.a" />
					<Add library="wxcode_msw30ud_wxsqlite3" />
					<Add library="libwxmsw30ud_adv.a" />
					<Add library="libwxbase30ud.a" />
					<Add library="libwxpngd.a" />
					<Add library="libwxzlibd.a" />
					<Add directory="C:/wxWidgets-3.0.2-libs/lib/gcc_x64_dll" />
				</Linker>
			</Target>
			<Target title="Release">
				<Option output="bin/Release/Horus" prefix_auto="1" extension_auto="1" />
				<Option object_output="obj/Release/" />
				<Option type="0" />
				<Option compiler="copy_of_gnu_gcc_compiler_x64" />
				<Option projectLinkerOptionsRelation="2" />
				<Compiler>
					<Add option="-O2" />
					<Add directory="C:/wxWidgets-3.0.2-libs/lib/gcc_x64_dll/mswu" />
					<Add directory="include" />
				</Compiler>
				<ResourceCompiler>
					<Add directory="C:/wxWidgets-3.0.2-libs/lib/gcc_x64_dll/mswu" />
				</ResourceCompiler>
				<Linker>
					<Add option="-s" />
					<Add library="libwxmsw30u_aui.a" />
					<Add library="libwxmsw30u_richtext.a" />
					<Add library="libwxmsw30u_core.a" />
					<Add library="wxcode_msw30u_wxsqlite3" />
					<Add library="libwxmsw30u_adv.a" />
					<Add library="libwxbase30u.a" />
					<Add library="libwxpng.a" />
					<Add library="libwxzlib.a" />
					<Add directory="C:/wxWidgets-3.0.2-libs/lib/gcc_x64_dll" />
				</Linker>
			</Target>
		</Build>
		<Compiler>
			<Add option="-Wall" />
			<Add option="-pipe" />
			<Add option="-mthreads" />
			<Add option="-D__GNUWIN32__" />
			<Add option="-D__WXMSW__" />
			<Add option="-DWXUSINGDLL" />
			<Add option="-DwxUSE_UNICODE" />
			<Add option="-DMAX_CARTRIDGE_SLOTS=6" />
			<Add option='-DHOSTNAME=&quot;\&quot;%COMPUTERNAME%\&quot;&quot;' />
			<Add option='-DUSERNAME=&quot;\&quot;%USERNAME%\&quot;&quot;' />
			<Add option='-DHOSTSYSTEM=&quot;\&quot;`ver`\&quot;&quot;' />
			<Add directory="C:/wxWidgets-3.0.2-libs/include" />
		</Compiler>
		<ResourceCompiler>
			<Add directory="C:/wxWidgets-3.0.2-libs/include" />
		</ResourceCompiler>
		<Linker>
			<Add option="-mthreads" />
			<Add library="UxTheme" />
			<Add library="Ole32" />
			<Add library="Rpcrt4" />
		</Linker>
		<Unit filename="../HorusAbout/HorusAbout/HorusAboutMain.cpp" />
		<Unit filename="../HorusAbout/HorusAbout/HorusAboutMain.h" />
		<Unit filename="HorusApp.cpp" />
		<Unit filename="HorusApp.h" />
		<Unit filename="HorusMain.cpp" />
		<Unit filename="HorusMain.h" />
		<Unit filename="include/HorusCassette.h" />
		<Unit filename="include/HorusDatabasePool.h" />
		<Unit filename="include/hUtils.h" />
		<Unit filename="resource.rc">
			<Option compilerVar="WINDRES" />
		</Unit>
		<Unit filename="src/HorusCassette.cpp" />
		<Unit filename="src/HorusDatabasePool.cpp" />
		<Unit filename="src/hUtils.cpp" />
		<Unit filename="version.h" />
		<Unit filename="wxsmith/Horusframe.wxs" />
		<Extensions>
			<code_completion />
			<envvars />
			<debugger />
			<wxsmith version="1">
				<gui name="wxWidgets" src="HorusApp.cpp" main="HorusFrame" init_handlers="necessary" language="CPP" />
				<resources>
					<wxFrame wxs="wxsmith/Horusframe.wxs" src="HorusMain.cpp" hdr="HorusMain.h" fwddecl="0" i18n="1" name="HorusFrame" language="CPP" />
				</resources>
			</wxsmith>
			<DoxyBlocks>
				<comment_style block="2" line="2" />
				<doxyfile_project />
				<doxyfile_build />
				<doxyfile_warnings />
				<doxyfile_output />
				<doxyfile_dot />
				<general />
			</DoxyBlocks>
			<AutoVersioning>
				<Scheme minor_max="99" build_max="0" rev_max="0" rev_rand_max="10" build_times_to_increment_minor="100" />
				<Settings autoincrement="0" date_declarations="1" use_define="0" update_manifest="1" do_auto_increment="0" ask_to_increment="0" language="C++" svn="0" svn_directory="" header_path="version.h" />
				<Changes_Log show_changes_editor="0" app_title="released version %M.%m.%b of %p" changeslog_path="ChangesLog.txt" />
				<Code header_guard="VERSION_H" namespace="AutoVersion" prefix="" />
			</AutoVersioning>
		</Extensions>
	</Project>
</CodeBlocks_project_file>
